
Microsoft Visual Studio Solution File, Format Version 12.00
# Visual Studio Version 17
VisualStudioVersion = 17.11.35219.272
MinimumVisualStudioVersion = 10.0.40219.1
Project("{9A19103F-16F7-4668-BE54-9A1E7A4F7556}") = "TaskSchedulerAPI.Business", "TaskSchedulerAPI.Business\TaskSchedulerAPI.Business.csproj", "{7129BD1B-13B6-4082-9045-B7A852432BFE}"
EndProject
Project("{9A19103F-16F7-4668-BE54-9A1E7A4F7556}") = "TaskSchedulerAPI.Core", "TaskSchedulerAPI.Core\TaskSchedulerAPI.Core.csproj", "{B36FDB52-832E-4CBD-9FC3-5ECEFA3C54F2}"
EndProject
Project("{9A19103F-16F7-4668-BE54-9A1E7A4F7556}") = "TaskSchedulerAPI.DataAccess", "TaskSchedulerAPI.DataAccess\TaskSchedulerAPI.DataAccess.csproj", "{4535CDB8-F598-47A7-8BD5-6CD7EC012075}"
EndProject
Project("{9A19103F-16F7-4668-BE54-9A1E7A4F7556}") = "TaskSchedulerAPI.Presentation", "TaskSchedulerAPI.Presentation\TaskSchedulerAPI.Presentation.csproj", "{BB905A51-8C71-47B9-9615-0BFDDA4CFDA7}"
EndProject
Project("{54A90642-561A-4BB1-A94E-469ADEE60C69}") = "frontend", "frontend\frontend.esproj", "{A80ADBF6-E161-4207-8C2A-CB915765FDD4}"
EndProject
Global
	GlobalSection(SolutionConfigurationPlatforms) = preSolution
		Debug|Any CPU = Debug|Any CPU
		Release|Any CPU = Release|Any CPU
	EndGlobalSection
	GlobalSection(ProjectConfigurationPlatforms) = postSolution
		{7129BD1B-13B6-4082-9045-B7A852432BFE}.Debug|Any CPU.ActiveCfg = Debug|Any CPU
		{7129BD1B-13B6-4082-9045-B7A852432BFE}.Debug|Any CPU.Build.0 = Debug|Any CPU
		{7129BD1B-13B6-4082-9045-B7A852432BFE}.Release|Any CPU.ActiveCfg = Release|Any CPU
		{7129BD1B-13B6-4082-9045-B7A852432BFE}.Release|Any CPU.Build.0 = Release|Any CPU
		{B36FDB52-832E-4CBD-9FC3-5ECEFA3C54F2}.Debug|Any CPU.ActiveCfg = Debug|Any CPU
		{B36FDB52-832E-4CBD-9FC3-5ECEFA3C54F2}.Debug|Any CPU.Build.0 = Debug|Any CPU
		{B36FDB52-832E-4CBD-9FC3-5ECEFA3C54F2}.Release|Any CPU.ActiveCfg = Release|Any CPU
		{B36FDB52-832E-4CBD-9FC3-5ECEFA3C54F2}.Release|Any CPU.Build.0 = Release|Any CPU
		{4535CDB8-F598-47A7-8BD5-6CD7EC012075}.Debug|Any CPU.ActiveCfg = Debug|Any CPU
		{4535CDB8-F598-47A7-8BD5-6CD7EC012075}.Debug|Any CPU.Build.0 = Debug|Any CPU
		{4535CDB8-F598-47A7-8BD5-6CD7EC012075}.Release|Any CPU.ActiveCfg = Release|Any CPU
		{4535CDB8-F598-47A7-8BD5-6CD7EC012075}.Release|Any CPU.Build.0 = Release|Any CPU
		{BB905A51-8C71-47B9-9615-0BFDDA4CFDA7}.Debug|Any CPU.ActiveCfg = Debug|Any CPU
		{BB905A51-8C71-47B9-9615-0BFDDA4CFDA7}.Debug|Any CPU.Build.0 = Debug|Any CPU
		{BB905A51-8C71-47B9-9615-0BFDDA4CFDA7}.Release|Any CPU.ActiveCfg = Release|Any CPU
		{BB905A51-8C71-47B9-9615-0BFDDA4CFDA7}.Release|Any CPU.Build.0 = Release|Any CPU
		{A80ADBF6-E161-4207-8C2A-CB915765FDD4}.Debug|Any CPU.ActiveCfg = Debug|Any CPU
		{A80ADBF6-E161-4207-8C2A-CB915765FDD4}.Debug|Any CPU.Build.0 = Debug|Any CPU
		{A80ADBF6-E161-4207-8C2A-CB915765FDD4}.Debug|Any CPU.Deploy.0 = Debug|Any CPU
		{A80ADBF6-E161-4207-8C2A-CB915765FDD4}.Release|Any CPU.ActiveCfg = Release|Any CPU
		{A80ADBF6-E161-4207-8C2A-CB915765FDD4}.Release|Any CPU.Build.0 = Release|Any CPU
		{A80ADBF6-E161-4207-8C2A-CB915765FDD4}.Release|Any CPU.Deploy.0 = Release|Any CPU
	EndGlobalSection
	GlobalSection(SolutionProperties) = preSolution
		HideSolutionNode = FALSE
	EndGlobalSection
	GlobalSection(ExtensibilityGlobals) = postSolution
		SolutionGuid = {5F89E212-2422-4F53-A42C-0509F00B8BAF}
	EndGlobalSection
EndGlobal
